
Microsoft Visual Studio Solution File, Format Version 12.00
# Visual Studio Version 17
VisualStudioVersion = 17.7.34221.43
MinimumVisualStudioVersion = 10.0.40219.1
Project("{FAE04EC0-301F-11D3-BF4B-00C04F79EFBC}") = "DatoriumRomance", "DatoriumRomance\DatoriumRomance.csproj", "{BEADC533-5019-4296-A547-2AA2E4728758}"
EndProject
Global
	GlobalSection(SolutionConfigurationPlatforms) = preSolution
		Debug|Any CPU = Debug|Any CPU
		Release|Any CPU = Release|Any CPU
	EndGlobalSection
	GlobalSection(ProjectConfigurationPlatforms) = postSolution
		{BEADC533-5019-4296-A547-2AA2E4728758}.Debug|Any CPU.ActiveCfg = Debug|Any CPU
		{BEADC533-5019-4296-A547-2AA2E4728758}.Debug|Any CPU.Build.0 = Debug|Any CPU
		{BEADC533-5019-4296-A547-2AA2E4728758}.Release|Any CPU.ActiveCfg = Release|Any CPU
		{BEADC533-5019-4296-A547-2AA2E4728758}.Release|Any CPU.Build.0 = Release|Any CPU
	EndGlobalSection
	GlobalSection(SolutionProperties) = preSolution
		HideSolutionNode = FALSE
	EndGlobalSection
	GlobalSection(ExtensibilityGlobals) = postSolution
		SolutionGuid = {6A1E0DE8-A499-4E5C-AE34-A1D1BD360C07}
	EndGlobalSection
EndGlobal
